
Microsoft Visual Studio Solution File, Format Version 12.00
# Visual Studio 14
VisualStudioVersion = 14.0.25420.1
MinimumVisualStudioVersion = 10.0.40219.1
Project("{2150E333-8FDC-42A3-9474-1A3956D46DE8}") = "Platforms", "Platforms", "{E4B1D3B2-48DA-4EF5-B3C6-018A61A5CDB0}"
EndProject
Project("{FAE04EC0-301F-11D3-BF4B-00C04F79EFBC}") = "Mxp.Android", "Android\Mxp.Android.csproj", "{9897E0A7-4672-4013-AA53-20B9380F8819}"
EndProject
Project("{FAE04EC0-301F-11D3-BF4B-00C04F79EFBC}") = "Mxp.Core", "Mxp.Core\Mxp.Core.csproj", "{3263BF25-058F-4A81-932C-AD2527512F74}"
EndProject
Project("{2150E333-8FDC-42A3-9474-1A3956D46DE8}") = "Dependencies", "Dependencies", "{F6C46315-21DA-426C-8AEB-DCBD4744F40D}"
EndProject
Project("{FAE04EC0-301F-11D3-BF4B-00C04F79EFBC}") = "PhotoViewBindings", "Android\Libs\Xamarin.PhotoView\PhotoViewBindings\PhotoViewBindings\PhotoViewBindings.csproj", "{213E011F-B043-4C45-9818-3A82A4D8D83F}"
EndProject
Project("{FAE04EC0-301F-11D3-BF4B-00C04F79EFBC}") = "XamDroid.StickyListHeaders", "Android\Libs\Xamarin.StickyListHeaders\Library\XamDroid.StickyListHeaders\XamDroid.StickyListHeaders.csproj", "{362BA929-486C-4D31-80B3-346CEF3DFD90}"
EndProject
Project("{FAE04EC0-301F-11D3-BF4B-00C04F79EFBC}") = "PicassoDroid", "Android\Libs\Xamarin.Picasso\Picasso\PicassoDroid.csproj", "{C67ED37F-64BF-4E99-8F99-1CDB16646C17}"
EndProject
Project("{FAE04EC0-301F-11D3-BF4B-00C04F79EFBC}") = "Libraryv4", "Android\Libs\Xamarin.ViewPagerIndicator\Libraryv4\Libraryv4.csproj", "{121808BF-F5C1-41EA-A781-7CE471A59994}"
EndProject
Project("{2150E333-8FDC-42A3-9474-1A3956D46DE8}") = "Solution Items", "Solution Items", "{7A9158A4-FE6A-401D-9B28-231BE883DBCF}"
	ProjectSection(SolutionItems) = preProject
		MobileExpense.sln = MobileExpense.sln
	EndProjectSection
EndProject
Project("{FAE04EC0-301F-11D3-BF4B-00C04F79EFBC}") = "iOS", "MXPiOS\iOS.csproj", "{70BE484D-B691-474A-89EC-8331E985D7E9}"
EndProject
Project("{FAE04EC0-301F-11D3-BF4B-00C04F79EFBC}") = "SpendCatcher", "SpendCatcher\SpendCatcher.csproj", "{EA3D1106-CC25-42BA-A76A-FD3694D6DBF9}"
EndProject
Project("{FAE04EC0-301F-11D3-BF4B-00C04F79EFBC}") = "Mxp.Win.WindowsPhone", "Mxp.Win\Mxp.Win.WindowsPhone\Mxp.Win.WindowsPhone.csproj", "{B2B28E56-EB59-4461-860E-8D466D0E3793}"
	ProjectSection(ProjectDependencies) = postProject
		{3263BF25-058F-4A81-932C-AD2527512F74} = {3263BF25-058F-4A81-932C-AD2527512F74}
	EndProjectSection
EndProject
Project("{FAE04EC0-301F-11D3-BF4B-00C04F79EFBC}") = "Mxp.Win.Windows", "Mxp.Win\Mxp.Win.Windows\Mxp.Win.Windows.csproj", "{8BE76965-4C09-4385-81BA-E0DCA5180CCE}"
EndProject
Project("{D954291E-2A0B-460D-934E-DC6B0785DB48}") = "Mxp.Win.Shared", "Mxp.Win\Mxp.Win.Shared\Mxp.Win.Shared.shproj", "{14DA9D5E-5210-404A-9402-1667176101FC}"
EndProject
Project("{2150E333-8FDC-42A3-9474-1A3956D46DE8}") = "Tests", "Tests", "{D3802D21-B2A1-403C-93B9-1A0A84071430}"
EndProject
Project("{FAE04EC0-301F-11D3-BF4B-00C04F79EFBC}") = "Mxp.UITests.WindowsPhone", "Tests\Mxp.UITests.WindowsPhone\Mxp.UITests.WindowsPhone.csproj", "{33867D39-B305-4FA2-A9DB-1277D2363B67}"
	ProjectSection(ProjectDependencies) = postProject
		{3263BF25-058F-4A81-932C-AD2527512F74} = {3263BF25-058F-4A81-932C-AD2527512F74}
	EndProjectSection
EndProject
Project("{FAE04EC0-301F-11D3-BF4B-00C04F79EFBC}") = "Mxp.UITests.CrossPlatform", "Tests\Mxp.UITests.CrossPlatform\Mxp.UITests.CrossPlatform.csproj", "{D90C2582-0887-462C-B9B5-ADCF0F3FA0BC}"
EndProject
Project("{FAE04EC0-301F-11D3-BF4B-00C04F79EFBC}") = "ModernHttpClient.Android", "Android\Libs\Xamarin.ModernHttpClient\src\ModernHttpClient\ModernHttpClient.Android.csproj", "{F7290B9E-C821-4DA7-A4E5-824D9B0F70F2}"
EndProject
Global
	GlobalSection(SharedMSBuildProjectFiles) = preSolution
		Mxp.Win\Mxp.Win.Shared\Mxp.Win.Shared.projitems*{14da9d5e-5210-404a-9402-1667176101fc}*SharedItemsImports = 13
		Mxp.Win\Mxp.Win.Shared\Mxp.Win.Shared.projitems*{8be76965-4c09-4385-81ba-e0dca5180cce}*SharedItemsImports = 4
		Mxp.Win\Mxp.Win.Shared\Mxp.Win.Shared.projitems*{b2b28e56-eb59-4461-860e-8d466d0e3793}*SharedItemsImports = 4
	EndGlobalSection
	GlobalSection(SolutionConfigurationPlatforms) = preSolution
		Ad-Hoc|Any CPU = Ad-Hoc|Any CPU
		Ad-Hoc|iPhone = Ad-Hoc|iPhone
		Ad-Hoc|iPhoneSimulator = Ad-Hoc|iPhoneSimulator
		AppStore|Any CPU = AppStore|Any CPU
		AppStore|iPhone = AppStore|iPhone
		AppStore|iPhoneSimulator = AppStore|iPhoneSimulator
		Debug|Any CPU = Debug|Any CPU
		Debug|iPhone = Debug|iPhone
		Debug|iPhoneSimulator = Debug|iPhoneSimulator
		Release|Any CPU = Release|Any CPU
		Release|iPhone = Release|iPhone
		Release|iPhoneSimulator = Release|iPhoneSimulator
		Staging|Any CPU = Staging|Any CPU
		Staging|iPhone = Staging|iPhone
		Staging|iPhoneSimulator = Staging|iPhoneSimulator
	EndGlobalSection
	GlobalSection(ProjectConfigurationPlatforms) = postSolution
		{9897E0A7-4672-4013-AA53-20B9380F8819}.Ad-Hoc|Any CPU.ActiveCfg = Ad-Hoc|Any CPU
		{9897E0A7-4672-4013-AA53-20B9380F8819}.Ad-Hoc|Any CPU.Build.0 = Ad-Hoc|Any CPU
		{9897E0A7-4672-4013-AA53-20B9380F8819}.Ad-Hoc|Any CPU.Deploy.0 = Ad-Hoc|Any CPU
		{9897E0A7-4672-4013-AA53-20B9380F8819}.Ad-Hoc|iPhone.ActiveCfg = Ad-Hoc|Any CPU
		{9897E0A7-4672-4013-AA53-20B9380F8819}.Ad-Hoc|iPhoneSimulator.ActiveCfg = Ad-Hoc|Any CPU
		{9897E0A7-4672-4013-AA53-20B9380F8819}.AppStore|Any CPU.ActiveCfg = Ad-Hoc|Any CPU
		{9897E0A7-4672-4013-AA53-20B9380F8819}.AppStore|iPhone.ActiveCfg = Ad-Hoc|Any CPU
		{9897E0A7-4672-4013-AA53-20B9380F8819}.AppStore|iPhoneSimulator.ActiveCfg = Ad-Hoc|Any CPU
		{9897E0A7-4672-4013-AA53-20B9380F8819}.Debug|Any CPU.ActiveCfg = Debug|Any CPU
		{9897E0A7-4672-4013-AA53-20B9380F8819}.Debug|Any CPU.Build.0 = Debug|Any CPU
		{9897E0A7-4672-4013-AA53-20B9380F8819}.Debug|Any CPU.Deploy.0 = Debug|Any CPU
		{9897E0A7-4672-4013-AA53-20B9380F8819}.Debug|iPhone.ActiveCfg = Debug|Any CPU
		{9897E0A7-4672-4013-AA53-20B9380F8819}.Debug|iPhoneSimulator.ActiveCfg = Debug|Any CPU
		{9897E0A7-4672-4013-AA53-20B9380F8819}.Release|Any CPU.ActiveCfg = Release|Any CPU
		{9897E0A7-4672-4013-AA53-20B9380F8819}.Release|Any CPU.Build.0 = Release|Any CPU
		{9897E0A7-4672-4013-AA53-20B9380F8819}.Release|iPhone.ActiveCfg = Release|Any CPU
		{9897E0A7-4672-4013-AA53-20B9380F8819}.Release|iPhoneSimulator.ActiveCfg = Release|Any CPU
		{9897E0A7-4672-4013-AA53-20B9380F8819}.Staging|Any CPU.ActiveCfg = Release|Any CPU
		{9897E0A7-4672-4013-AA53-20B9380F8819}.Staging|iPhone.ActiveCfg = Release|Any CPU
		{9897E0A7-4672-4013-AA53-20B9380F8819}.Staging|iPhoneSimulator.ActiveCfg = Release|Any CPU
		{3263BF25-058F-4A81-932C-AD2527512F74}.Ad-Hoc|Any CPU.ActiveCfg = Ad-Hoc|Any CPU
		{3263BF25-058F-4A81-932C-AD2527512F74}.Ad-Hoc|Any CPU.Build.0 = Ad-Hoc|Any CPU
		{3263BF25-058F-4A81-932C-AD2527512F74}.Ad-Hoc|iPhone.ActiveCfg = Ad-Hoc|Any CPU
		{3263BF25-058F-4A81-932C-AD2527512F74}.Ad-Hoc|iPhone.Build.0 = Ad-Hoc|Any CPU
		{3263BF25-058F-4A81-932C-AD2527512F74}.Ad-Hoc|iPhoneSimulator.ActiveCfg = Ad-Hoc|Any CPU
		{3263BF25-058F-4A81-932C-AD2527512F74}.Ad-Hoc|iPhoneSimulator.Build.0 = Ad-Hoc|Any CPU
		{3263BF25-058F-4A81-932C-AD2527512F74}.AppStore|Any CPU.ActiveCfg = Ad-Hoc|Any CPU
		{3263BF25-058F-4A81-932C-AD2527512F74}.AppStore|iPhone.ActiveCfg = Ad-Hoc|Any CPU
		{3263BF25-058F-4A81-932C-AD2527512F74}.AppStore|iPhoneSimulator.ActiveCfg = Ad-Hoc|Any CPU
		{3263BF25-058F-4A81-932C-AD2527512F74}.Debug|Any CPU.ActiveCfg = Debug|Any CPU
		{3263BF25-058F-4A81-932C-AD2527512F74}.Debug|Any CPU.Build.0 = Debug|Any CPU
		{3263BF25-058F-4A81-932C-AD2527512F74}.Debug|iPhone.ActiveCfg = Debug|Any CPU
		{3263BF25-058F-4A81-932C-AD2527512F74}.Debug|iPhone.Build.0 = Debug|Any CPU
		{3263BF25-058F-4A81-932C-AD2527512F74}.Debug|iPhoneSimulator.ActiveCfg = Debug|Any CPU
		{3263BF25-058F-4A81-932C-AD2527512F74}.Debug|iPhoneSimulator.Build.0 = Debug|Any CPU
		{3263BF25-058F-4A81-932C-AD2527512F74}.Release|Any CPU.ActiveCfg = Release|Any CPU
		{3263BF25-058F-4A81-932C-AD2527512F74}.Release|Any CPU.Build.0 = Release|Any CPU
		{3263BF25-058F-4A81-932C-AD2527512F74}.Release|iPhone.ActiveCfg = Release|Any CPU
		{3263BF25-058F-4A81-932C-AD2527512F74}.Release|iPhone.Build.0 = Release|Any CPU
		{3263BF25-058F-4A81-932C-AD2527512F74}.Release|iPhoneSimulator.ActiveCfg = Release|Any CPU
		{3263BF25-058F-4A81-932C-AD2527512F74}.Release|iPhoneSimulator.Build.0 = Release|Any CPU
		{3263BF25-058F-4A81-932C-AD2527512F74}.Staging|Any CPU.ActiveCfg = Release|Any CPU
		{3263BF25-058F-4A81-932C-AD2527512F74}.Staging|iPhone.ActiveCfg = Release|Any CPU
		{3263BF25-058F-4A81-932C-AD2527512F74}.Staging|iPhoneSimulator.ActiveCfg = Release|Any CPU
		{213E011F-B043-4C45-9818-3A82A4D8D83F}.Ad-Hoc|Any CPU.ActiveCfg = Release|Any CPU
		{213E011F-B043-4C45-9818-3A82A4D8D83F}.Ad-Hoc|Any CPU.Build.0 = Release|Any CPU
		{213E011F-B043-4C45-9818-3A82A4D8D83F}.Ad-Hoc|iPhone.ActiveCfg = Release|Any CPU
		{213E011F-B043-4C45-9818-3A82A4D8D83F}.Ad-Hoc|iPhoneSimulator.ActiveCfg = Release|Any CPU
		{213E011F-B043-4C45-9818-3A82A4D8D83F}.AppStore|Any CPU.ActiveCfg = Debug|Any CPU
		{213E011F-B043-4C45-9818-3A82A4D8D83F}.AppStore|iPhone.ActiveCfg = Debug|Any CPU
		{213E011F-B043-4C45-9818-3A82A4D8D83F}.AppStore|iPhoneSimulator.ActiveCfg = Debug|Any CPU
		{213E011F-B043-4C45-9818-3A82A4D8D83F}.Debug|Any CPU.ActiveCfg = Debug|Any CPU
		{213E011F-B043-4C45-9818-3A82A4D8D83F}.Debug|Any CPU.Build.0 = Debug|Any CPU
		{213E011F-B043-4C45-9818-3A82A4D8D83F}.Debug|iPhone.ActiveCfg = Debug|Any CPU
		{213E011F-B043-4C45-9818-3A82A4D8D83F}.Debug|iPhoneSimulator.ActiveCfg = Debug|Any CPU
		{213E011F-B043-4C45-9818-3A82A4D8D83F}.Release|Any CPU.ActiveCfg = Release|Any CPU
		{213E011F-B043-4C45-9818-3A82A4D8D83F}.Release|Any CPU.Build.0 = Release|Any CPU
		{213E011F-B043-4C45-9818-3A82A4D8D83F}.Release|iPhone.ActiveCfg = Release|Any CPU
		{213E011F-B043-4C45-9818-3A82A4D8D83F}.Release|iPhoneSimulator.ActiveCfg = Release|Any CPU
		{213E011F-B043-4C45-9818-3A82A4D8D83F}.Staging|Any CPU.ActiveCfg = Debug|Any CPU
		{213E011F-B043-4C45-9818-3A82A4D8D83F}.Staging|iPhone.ActiveCfg = Debug|Any CPU
		{213E011F-B043-4C45-9818-3A82A4D8D83F}.Staging|iPhoneSimulator.ActiveCfg = Debug|Any CPU
		{362BA929-486C-4D31-80B3-346CEF3DFD90}.Ad-Hoc|Any CPU.ActiveCfg = Release|Any CPU
		{362BA929-486C-4D31-80B3-346CEF3DFD90}.Ad-Hoc|Any CPU.Build.0 = Release|Any CPU
		{362BA929-486C-4D31-80B3-346CEF3DFD90}.Ad-Hoc|iPhone.ActiveCfg = Release|Any CPU
		{362BA929-486C-4D31-80B3-346CEF3DFD90}.Ad-Hoc|iPhoneSimulator.ActiveCfg = Release|Any CPU
		{362BA929-486C-4D31-80B3-346CEF3DFD90}.AppStore|Any CPU.ActiveCfg = Debug|Any CPU
		{362BA929-486C-4D31-80B3-346CEF3DFD90}.AppStore|iPhone.ActiveCfg = Debug|Any CPU
		{362BA929-486C-4D31-80B3-346CEF3DFD90}.AppStore|iPhoneSimulator.ActiveCfg = Debug|Any CPU
		{362BA929-486C-4D31-80B3-346CEF3DFD90}.Debug|Any CPU.ActiveCfg = Debug|Any CPU
		{362BA929-486C-4D31-80B3-346CEF3DFD90}.Debug|Any CPU.Build.0 = Debug|Any CPU
		{362BA929-486C-4D31-80B3-346CEF3DFD90}.Debug|iPhone.ActiveCfg = Debug|Any CPU
		{362BA929-486C-4D31-80B3-346CEF3DFD90}.Debug|iPhoneSimulator.ActiveCfg = Debug|Any CPU
		{362BA929-486C-4D31-80B3-346CEF3DFD90}.Release|Any CPU.ActiveCfg = Release|Any CPU
		{362BA929-486C-4D31-80B3-346CEF3DFD90}.Release|Any CPU.Build.0 = Release|Any CPU
		{362BA929-486C-4D31-80B3-346CEF3DFD90}.Release|iPhone.ActiveCfg = Release|Any CPU
		{362BA929-486C-4D31-80B3-346CEF3DFD90}.Release|iPhoneSimulator.ActiveCfg = Release|Any CPU
		{362BA929-486C-4D31-80B3-346CEF3DFD90}.Staging|Any CPU.ActiveCfg = Debug|Any CPU
		{362BA929-486C-4D31-80B3-346CEF3DFD90}.Staging|iPhone.ActiveCfg = Debug|Any CPU
		{362BA929-486C-4D31-80B3-346CEF3DFD90}.Staging|iPhoneSimulator.ActiveCfg = Debug|Any CPU
		{C67ED37F-64BF-4E99-8F99-1CDB16646C17}.Ad-Hoc|Any CPU.ActiveCfg = Release|Any CPU
		{C67ED37F-64BF-4E99-8F99-1CDB16646C17}.Ad-Hoc|Any CPU.Build.0 = Release|Any CPU
		{C67ED37F-64BF-4E99-8F99-1CDB16646C17}.Ad-Hoc|iPhone.ActiveCfg = Release|Any CPU
		{C67ED37F-64BF-4E99-8F99-1CDB16646C17}.Ad-Hoc|iPhoneSimulator.ActiveCfg = Release|Any CPU
		{C67ED37F-64BF-4E99-8F99-1CDB16646C17}.AppStore|Any CPU.ActiveCfg = Debug|Any CPU
		{C67ED37F-64BF-4E99-8F99-1CDB16646C17}.AppStore|iPhone.ActiveCfg = Debug|Any CPU
		{C67ED37F-64BF-4E99-8F99-1CDB16646C17}.AppStore|iPhoneSimulator.ActiveCfg = Debug|Any CPU
		{C67ED37F-64BF-4E99-8F99-1CDB16646C17}.Debug|Any CPU.ActiveCfg = Debug|Any CPU
		{C67ED37F-64BF-4E99-8F99-1CDB16646C17}.Debug|Any CPU.Build.0 = Debug|Any CPU
		{C67ED37F-64BF-4E99-8F99-1CDB16646C17}.Debug|iPhone.ActiveCfg = Debug|Any CPU
		{C67ED37F-64BF-4E99-8F99-1CDB16646C17}.Debug|iPhoneSimulator.ActiveCfg = Debug|Any CPU
		{C67ED37F-64BF-4E99-8F99-1CDB16646C17}.Release|Any CPU.ActiveCfg = Release|Any CPU
		{C67ED37F-64BF-4E99-8F99-1CDB16646C17}.Release|Any CPU.Build.0 = Release|Any CPU
		{C67ED37F-64BF-4E99-8F99-1CDB16646C17}.Release|iPhone.ActiveCfg = Release|Any CPU
		{C67ED37F-64BF-4E99-8F99-1CDB16646C17}.Release|iPhoneSimulator.ActiveCfg = Release|Any CPU
		{C67ED37F-64BF-4E99-8F99-1CDB16646C17}.Staging|Any CPU.ActiveCfg = Debug|Any CPU
		{C67ED37F-64BF-4E99-8F99-1CDB16646C17}.Staging|iPhone.ActiveCfg = Debug|Any CPU
		{C67ED37F-64BF-4E99-8F99-1CDB16646C17}.Staging|iPhoneSimulator.ActiveCfg = Debug|Any CPU
		{121808BF-F5C1-41EA-A781-7CE471A59994}.Ad-Hoc|Any CPU.ActiveCfg = Release|Any CPU
		{121808BF-F5C1-41EA-A781-7CE471A59994}.Ad-Hoc|Any CPU.Build.0 = Release|Any CPU
		{121808BF-F5C1-41EA-A781-7CE471A59994}.Ad-Hoc|iPhone.ActiveCfg = Release|Any CPU
		{121808BF-F5C1-41EA-A781-7CE471A59994}.Ad-Hoc|iPhoneSimulator.ActiveCfg = Release|Any CPU
		{121808BF-F5C1-41EA-A781-7CE471A59994}.AppStore|Any CPU.ActiveCfg = Debug|Any CPU
		{121808BF-F5C1-41EA-A781-7CE471A59994}.AppStore|iPhone.ActiveCfg = Debug|Any CPU
		{121808BF-F5C1-41EA-A781-7CE471A59994}.AppStore|iPhoneSimulator.ActiveCfg = Debug|Any CPU
		{121808BF-F5C1-41EA-A781-7CE471A59994}.Debug|Any CPU.ActiveCfg = Debug|Any CPU
		{121808BF-F5C1-41EA-A781-7CE471A59994}.Debug|Any CPU.Build.0 = Debug|Any CPU
		{121808BF-F5C1-41EA-A781-7CE471A59994}.Debug|iPhone.ActiveCfg = Debug|Any CPU
		{121808BF-F5C1-41EA-A781-7CE471A59994}.Debug|iPhoneSimulator.ActiveCfg = Debug|Any CPU
		{121808BF-F5C1-41EA-A781-7CE471A59994}.Release|Any CPU.ActiveCfg = Release|Any CPU
		{121808BF-F5C1-41EA-A781-7CE471A59994}.Release|Any CPU.Build.0 = Release|Any CPU
		{121808BF-F5C1-41EA-A781-7CE471A59994}.Release|iPhone.ActiveCfg = Release|Any CPU
		{121808BF-F5C1-41EA-A781-7CE471A59994}.Release|iPhoneSimulator.ActiveCfg = Release|Any CPU
		{121808BF-F5C1-41EA-A781-7CE471A59994}.Staging|Any CPU.ActiveCfg = Debug|Any CPU
		{121808BF-F5C1-41EA-A781-7CE471A59994}.Staging|iPhone.ActiveCfg = Debug|Any CPU
		{121808BF-F5C1-41EA-A781-7CE471A59994}.Staging|iPhoneSimulator.ActiveCfg = Debug|Any CPU
		{70BE484D-B691-474A-89EC-8331E985D7E9}.Ad-Hoc|Any CPU.ActiveCfg = Ad-Hoc|iPhoneSimulator
		{70BE484D-B691-474A-89EC-8331E985D7E9}.Ad-Hoc|Any CPU.Build.0 = Ad-Hoc|iPhoneSimulator
		{70BE484D-B691-474A-89EC-8331E985D7E9}.Ad-Hoc|iPhone.ActiveCfg = Ad-Hoc|iPhone
		{70BE484D-B691-474A-89EC-8331E985D7E9}.Ad-Hoc|iPhone.Build.0 = Ad-Hoc|iPhone
		{70BE484D-B691-474A-89EC-8331E985D7E9}.Ad-Hoc|iPhoneSimulator.ActiveCfg = Ad-Hoc|iPhoneSimulator
		{70BE484D-B691-474A-89EC-8331E985D7E9}.Ad-Hoc|iPhoneSimulator.Build.0 = Ad-Hoc|iPhoneSimulator
		{70BE484D-B691-474A-89EC-8331E985D7E9}.AppStore|Any CPU.ActiveCfg = Release|iPhone
		{70BE484D-B691-474A-89EC-8331E985D7E9}.AppStore|iPhone.ActiveCfg = Ad-Hoc|iPhone
		{70BE484D-B691-474A-89EC-8331E985D7E9}.AppStore|iPhoneSimulator.ActiveCfg = Ad-Hoc|iPhoneSimulator
		{70BE484D-B691-474A-89EC-8331E985D7E9}.Debug|Any CPU.ActiveCfg = Debug|iPhoneSimulator
		{70BE484D-B691-474A-89EC-8331E985D7E9}.Debug|Any CPU.Build.0 = Debug|iPhoneSimulator
		{70BE484D-B691-474A-89EC-8331E985D7E9}.Debug|iPhone.ActiveCfg = Debug|iPhone
		{70BE484D-B691-474A-89EC-8331E985D7E9}.Debug|iPhone.Build.0 = Debug|iPhone
		{70BE484D-B691-474A-89EC-8331E985D7E9}.Debug|iPhoneSimulator.ActiveCfg = Debug|iPhoneSimulator
		{70BE484D-B691-474A-89EC-8331E985D7E9}.Debug|iPhoneSimulator.Build.0 = Debug|iPhoneSimulator
		{70BE484D-B691-474A-89EC-8331E985D7E9}.Release|Any CPU.ActiveCfg = Release|iPhoneSimulator
		{70BE484D-B691-474A-89EC-8331E985D7E9}.Release|Any CPU.Build.0 = Release|iPhoneSimulator
		{70BE484D-B691-474A-89EC-8331E985D7E9}.Release|iPhone.ActiveCfg = Release|iPhone
		{70BE484D-B691-474A-89EC-8331E985D7E9}.Release|iPhone.Build.0 = Release|iPhone
		{70BE484D-B691-474A-89EC-8331E985D7E9}.Release|iPhoneSimulator.ActiveCfg = Release|iPhoneSimulator
		{70BE484D-B691-474A-89EC-8331E985D7E9}.Release|iPhoneSimulator.Build.0 = Release|iPhoneSimulator
		{70BE484D-B691-474A-89EC-8331E985D7E9}.Staging|Any CPU.ActiveCfg = Release|iPhone
		{70BE484D-B691-474A-89EC-8331E985D7E9}.Staging|iPhone.ActiveCfg = Release|iPhone
		{70BE484D-B691-474A-89EC-8331E985D7E9}.Staging|iPhoneSimulator.ActiveCfg = Release|iPhoneSimulator
		{EA3D1106-CC25-42BA-A76A-FD3694D6DBF9}.Ad-Hoc|Any CPU.ActiveCfg = Ad-Hoc|iPhoneSimulator
		{EA3D1106-CC25-42BA-A76A-FD3694D6DBF9}.Ad-Hoc|Any CPU.Build.0 = Ad-Hoc|iPhoneSimulator
		{EA3D1106-CC25-42BA-A76A-FD3694D6DBF9}.Ad-Hoc|iPhone.ActiveCfg = Ad-Hoc|iPhone
		{EA3D1106-CC25-42BA-A76A-FD3694D6DBF9}.Ad-Hoc|iPhone.Build.0 = Ad-Hoc|iPhone
		{EA3D1106-CC25-42BA-A76A-FD3694D6DBF9}.Ad-Hoc|iPhoneSimulator.ActiveCfg = Ad-Hoc|iPhoneSimulator
		{EA3D1106-CC25-42BA-A76A-FD3694D6DBF9}.Ad-Hoc|iPhoneSimulator.Build.0 = Ad-Hoc|iPhoneSimulator
		{EA3D1106-CC25-42BA-A76A-FD3694D6DBF9}.AppStore|Any CPU.ActiveCfg = Release|iPhone
		{EA3D1106-CC25-42BA-A76A-FD3694D6DBF9}.AppStore|iPhone.ActiveCfg = Ad-Hoc|iPhone
		{EA3D1106-CC25-42BA-A76A-FD3694D6DBF9}.AppStore|iPhoneSimulator.ActiveCfg = Ad-Hoc|iPhoneSimulator
		{EA3D1106-CC25-42BA-A76A-FD3694D6DBF9}.Debug|Any CPU.ActiveCfg = Debug|iPhoneSimulator
		{EA3D1106-CC25-42BA-A76A-FD3694D6DBF9}.Debug|Any CPU.Build.0 = Debug|iPhoneSimulator
		{EA3D1106-CC25-42BA-A76A-FD3694D6DBF9}.Debug|iPhone.ActiveCfg = Debug|iPhone
		{EA3D1106-CC25-42BA-A76A-FD3694D6DBF9}.Debug|iPhone.Build.0 = Debug|iPhone
		{EA3D1106-CC25-42BA-A76A-FD3694D6DBF9}.Debug|iPhoneSimulator.ActiveCfg = Debug|iPhoneSimulator
		{EA3D1106-CC25-42BA-A76A-FD3694D6DBF9}.Debug|iPhoneSimulator.Build.0 = Debug|iPhoneSimulator
		{EA3D1106-CC25-42BA-A76A-FD3694D6DBF9}.Release|Any CPU.ActiveCfg = Release|iPhoneSimulator
		{EA3D1106-CC25-42BA-A76A-FD3694D6DBF9}.Release|Any CPU.Build.0 = Release|iPhoneSimulator
		{EA3D1106-CC25-42BA-A76A-FD3694D6DBF9}.Release|iPhone.ActiveCfg = Release|iPhone
		{EA3D1106-CC25-42BA-A76A-FD3694D6DBF9}.Release|iPhone.Build.0 = Release|iPhone
		{EA3D1106-CC25-42BA-A76A-FD3694D6DBF9}.Release|iPhoneSimulator.ActiveCfg = Release|iPhoneSimulator
		{EA3D1106-CC25-42BA-A76A-FD3694D6DBF9}.Release|iPhoneSimulator.Build.0 = Release|iPhoneSimulator
		{EA3D1106-CC25-42BA-A76A-FD3694D6DBF9}.Staging|Any CPU.ActiveCfg = Release|iPhone
		{EA3D1106-CC25-42BA-A76A-FD3694D6DBF9}.Staging|iPhone.ActiveCfg = Release|iPhone
		{EA3D1106-CC25-42BA-A76A-FD3694D6DBF9}.Staging|iPhoneSimulator.ActiveCfg = Release|iPhoneSimulator
		{B2B28E56-EB59-4461-860E-8D466D0E3793}.Ad-Hoc|Any CPU.ActiveCfg = Release|Any CPU
		{B2B28E56-EB59-4461-860E-8D466D0E3793}.Ad-Hoc|Any CPU.Build.0 = Release|Any CPU
		{B2B28E56-EB59-4461-860E-8D466D0E3793}.Ad-Hoc|Any CPU.Deploy.0 = Release|Any CPU
		{B2B28E56-EB59-4461-860E-8D466D0E3793}.Ad-Hoc|iPhone.ActiveCfg = Release|Any CPU
		{B2B28E56-EB59-4461-860E-8D466D0E3793}.Ad-Hoc|iPhoneSimulator.ActiveCfg = Release|Any CPU
		{B2B28E56-EB59-4461-860E-8D466D0E3793}.Ad-Hoc|iPhoneSimulator.Build.0 = Release|Any CPU
		{B2B28E56-EB59-4461-860E-8D466D0E3793}.Ad-Hoc|iPhoneSimulator.Deploy.0 = Release|Any CPU
		{B2B28E56-EB59-4461-860E-8D466D0E3793}.AppStore|Any CPU.ActiveCfg = Debug|Any CPU
		{B2B28E56-EB59-4461-860E-8D466D0E3793}.AppStore|iPhone.ActiveCfg = Debug|Any CPU
		{B2B28E56-EB59-4461-860E-8D466D0E3793}.AppStore|iPhoneSimulator.ActiveCfg = Debug|Any CPU
		{B2B28E56-EB59-4461-860E-8D466D0E3793}.Debug|Any CPU.ActiveCfg = Debug|Any CPU
		{B2B28E56-EB59-4461-860E-8D466D0E3793}.Debug|Any CPU.Build.0 = Debug|Any CPU
		{B2B28E56-EB59-4461-860E-8D466D0E3793}.Debug|Any CPU.Deploy.0 = Debug|Any CPU
		{B2B28E56-EB59-4461-860E-8D466D0E3793}.Debug|iPhone.ActiveCfg = Debug|Any CPU
		{B2B28E56-EB59-4461-860E-8D466D0E3793}.Debug|iPhoneSimulator.ActiveCfg = Debug|Any CPU
		{B2B28E56-EB59-4461-860E-8D466D0E3793}.Release|Any CPU.ActiveCfg = Release|Any CPU
		{B2B28E56-EB59-4461-860E-8D466D0E3793}.Release|Any CPU.Build.0 = Release|Any CPU
		{B2B28E56-EB59-4461-860E-8D466D0E3793}.Release|Any CPU.Deploy.0 = Release|Any CPU
		{B2B28E56-EB59-4461-860E-8D466D0E3793}.Release|iPhone.ActiveCfg = Release|Any CPU
		{B2B28E56-EB59-4461-860E-8D466D0E3793}.Release|iPhoneSimulator.ActiveCfg = Release|Any CPU
		{B2B28E56-EB59-4461-860E-8D466D0E3793}.Release|iPhoneSimulator.Build.0 = Release|Any CPU
		{B2B28E56-EB59-4461-860E-8D466D0E3793}.Release|iPhoneSimulator.Deploy.0 = Release|Any CPU
		{B2B28E56-EB59-4461-860E-8D466D0E3793}.Staging|Any CPU.ActiveCfg = Debug|Any CPU
		{B2B28E56-EB59-4461-860E-8D466D0E3793}.Staging|iPhone.ActiveCfg = Debug|Any CPU
		{B2B28E56-EB59-4461-860E-8D466D0E3793}.Staging|iPhoneSimulator.ActiveCfg = Debug|Any CPU
		{8BE76965-4C09-4385-81BA-E0DCA5180CCE}.Ad-Hoc|Any CPU.ActiveCfg = Release|Any CPU
		{8BE76965-4C09-4385-81BA-E0DCA5180CCE}.Ad-Hoc|iPhone.ActiveCfg = Release|Any CPU
		{8BE76965-4C09-4385-81BA-E0DCA5180CCE}.Ad-Hoc|iPhoneSimulator.ActiveCfg = Release|Any CPU
		{8BE76965-4C09-4385-81BA-E0DCA5180CCE}.Ad-Hoc|iPhoneSimulator.Build.0 = Release|Any CPU
		{8BE76965-4C09-4385-81BA-E0DCA5180CCE}.Ad-Hoc|iPhoneSimulator.Deploy.0 = Release|Any CPU
		{8BE76965-4C09-4385-81BA-E0DCA5180CCE}.AppStore|Any CPU.ActiveCfg = Debug|Any CPU
		{8BE76965-4C09-4385-81BA-E0DCA5180CCE}.AppStore|iPhone.ActiveCfg = Debug|Any CPU
		{8BE76965-4C09-4385-81BA-E0DCA5180CCE}.AppStore|iPhoneSimulator.ActiveCfg = Debug|Any CPU
		{8BE76965-4C09-4385-81BA-E0DCA5180CCE}.Debug|Any CPU.ActiveCfg = Debug|Any CPU
		{8BE76965-4C09-4385-81BA-E0DCA5180CCE}.Debug|iPhone.ActiveCfg = Debug|Any CPU
		{8BE76965-4C09-4385-81BA-E0DCA5180CCE}.Debug|iPhoneSimulator.ActiveCfg = Debug|Any CPU
		{8BE76965-4C09-4385-81BA-E0DCA5180CCE}.Release|Any CPU.ActiveCfg = Release|Any CPU
		{8BE76965-4C09-4385-81BA-E0DCA5180CCE}.Release|iPhone.ActiveCfg = Release|Any CPU
		{8BE76965-4C09-4385-81BA-E0DCA5180CCE}.Release|iPhoneSimulator.ActiveCfg = Release|Any CPU
		{8BE76965-4C09-4385-81BA-E0DCA5180CCE}.Release|iPhoneSimulator.Build.0 = Release|Any CPU
		{8BE76965-4C09-4385-81BA-E0DCA5180CCE}.Release|iPhoneSimulator.Deploy.0 = Release|Any CPU
		{8BE76965-4C09-4385-81BA-E0DCA5180CCE}.Staging|Any CPU.ActiveCfg = Debug|Any CPU
		{8BE76965-4C09-4385-81BA-E0DCA5180CCE}.Staging|iPhone.ActiveCfg = Debug|Any CPU
		{8BE76965-4C09-4385-81BA-E0DCA5180CCE}.Staging|iPhoneSimulator.ActiveCfg = Debug|Any CPU
		{33867D39-B305-4FA2-A9DB-1277D2363B67}.Ad-Hoc|Any CPU.ActiveCfg = Debug|Any CPU
		{33867D39-B305-4FA2-A9DB-1277D2363B67}.Ad-Hoc|Any CPU.Build.0 = Debug|Any CPU
		{33867D39-B305-4FA2-A9DB-1277D2363B67}.Ad-Hoc|iPhone.ActiveCfg = Debug|Any CPU
		{33867D39-B305-4FA2-A9DB-1277D2363B67}.Ad-Hoc|iPhone.Build.0 = Debug|Any CPU
		{33867D39-B305-4FA2-A9DB-1277D2363B67}.Ad-Hoc|iPhoneSimulator.ActiveCfg = Debug|Any CPU
		{33867D39-B305-4FA2-A9DB-1277D2363B67}.Ad-Hoc|iPhoneSimulator.Build.0 = Debug|Any CPU
		{33867D39-B305-4FA2-A9DB-1277D2363B67}.AppStore|Any CPU.ActiveCfg = Release|Any CPU
		{33867D39-B305-4FA2-A9DB-1277D2363B67}.AppStore|iPhone.ActiveCfg = Release|Any CPU
		{33867D39-B305-4FA2-A9DB-1277D2363B67}.AppStore|iPhoneSimulator.ActiveCfg = Release|Any CPU
		{33867D39-B305-4FA2-A9DB-1277D2363B67}.Debug|Any CPU.ActiveCfg = Debug|Any CPU
		{33867D39-B305-4FA2-A9DB-1277D2363B67}.Debug|Any CPU.Build.0 = Debug|Any CPU
		{33867D39-B305-4FA2-A9DB-1277D2363B67}.Debug|iPhone.ActiveCfg = Debug|Any CPU
		{33867D39-B305-4FA2-A9DB-1277D2363B67}.Debug|iPhone.Build.0 = Debug|Any CPU
		{33867D39-B305-4FA2-A9DB-1277D2363B67}.Debug|iPhoneSimulator.ActiveCfg = Debug|Any CPU
		{33867D39-B305-4FA2-A9DB-1277D2363B67}.Debug|iPhoneSimulator.Build.0 = Debug|Any CPU
		{33867D39-B305-4FA2-A9DB-1277D2363B67}.Release|Any CPU.ActiveCfg = Release|Any CPU
		{33867D39-B305-4FA2-A9DB-1277D2363B67}.Release|Any CPU.Build.0 = Release|Any CPU
		{33867D39-B305-4FA2-A9DB-1277D2363B67}.Release|iPhone.ActiveCfg = Release|Any CPU
		{33867D39-B305-4FA2-A9DB-1277D2363B67}.Release|iPhone.Build.0 = Release|Any CPU
		{33867D39-B305-4FA2-A9DB-1277D2363B67}.Release|iPhoneSimulator.ActiveCfg = Release|Any CPU
		{33867D39-B305-4FA2-A9DB-1277D2363B67}.Release|iPhoneSimulator.Build.0 = Release|Any CPU
		{33867D39-B305-4FA2-A9DB-1277D2363B67}.Staging|Any CPU.ActiveCfg = Release|Any CPU
		{33867D39-B305-4FA2-A9DB-1277D2363B67}.Staging|iPhone.ActiveCfg = Release|Any CPU
		{33867D39-B305-4FA2-A9DB-1277D2363B67}.Staging|iPhoneSimulator.ActiveCfg = Release|Any CPU
		{D90C2582-0887-462C-B9B5-ADCF0F3FA0BC}.Ad-Hoc|Any CPU.ActiveCfg = Release|Any CPU
		{D90C2582-0887-462C-B9B5-ADCF0F3FA0BC}.Ad-Hoc|iPhone.ActiveCfg = Release|Any CPU
		{D90C2582-0887-462C-B9B5-ADCF0F3FA0BC}.Ad-Hoc|iPhoneSimulator.ActiveCfg = Release|Any CPU
		{D90C2582-0887-462C-B9B5-ADCF0F3FA0BC}.AppStore|Any CPU.ActiveCfg = Debug|Any CPU
		{D90C2582-0887-462C-B9B5-ADCF0F3FA0BC}.AppStore|iPhone.ActiveCfg = Debug|Any CPU
		{D90C2582-0887-462C-B9B5-ADCF0F3FA0BC}.AppStore|iPhoneSimulator.ActiveCfg = Debug|Any CPU
		{D90C2582-0887-462C-B9B5-ADCF0F3FA0BC}.Debug|Any CPU.ActiveCfg = Debug|Any CPU
		{D90C2582-0887-462C-B9B5-ADCF0F3FA0BC}.Debug|iPhone.ActiveCfg = Debug|Any CPU
		{D90C2582-0887-462C-B9B5-ADCF0F3FA0BC}.Debug|iPhoneSimulator.ActiveCfg = Debug|Any CPU
		{D90C2582-0887-462C-B9B5-ADCF0F3FA0BC}.Release|Any CPU.ActiveCfg = Release|Any CPU
		{D90C2582-0887-462C-B9B5-ADCF0F3FA0BC}.Release|iPhone.ActiveCfg = Release|Any CPU
		{D90C2582-0887-462C-B9B5-ADCF0F3FA0BC}.Release|iPhoneSimulator.ActiveCfg = Release|Any CPU
		{D90C2582-0887-462C-B9B5-ADCF0F3FA0BC}.Staging|Any CPU.ActiveCfg = Debug|Any CPU
		{D90C2582-0887-462C-B9B5-ADCF0F3FA0BC}.Staging|iPhone.ActiveCfg = Debug|Any CPU
		{D90C2582-0887-462C-B9B5-ADCF0F3FA0BC}.Staging|iPhoneSimulator.ActiveCfg = Debug|Any CPU
		{F7290B9E-C821-4DA7-A4E5-824D9B0F70F2}.Ad-Hoc|Any CPU.ActiveCfg = Release|Any CPU
		{F7290B9E-C821-4DA7-A4E5-824D9B0F70F2}.Ad-Hoc|Any CPU.Build.0 = Release|Any CPU
		{F7290B9E-C821-4DA7-A4E5-824D9B0F70F2}.Ad-Hoc|iPhone.ActiveCfg = Release|Any CPU
		{F7290B9E-C821-4DA7-A4E5-824D9B0F70F2}.Ad-Hoc|iPhoneSimulator.ActiveCfg = Release|Any CPU
		{F7290B9E-C821-4DA7-A4E5-824D9B0F70F2}.AppStore|Any CPU.ActiveCfg = Debug|Any CPU
		{F7290B9E-C821-4DA7-A4E5-824D9B0F70F2}.AppStore|iPhone.ActiveCfg = Debug|Any CPU
		{F7290B9E-C821-4DA7-A4E5-824D9B0F70F2}.AppStore|iPhoneSimulator.ActiveCfg = Debug|Any CPU
		{F7290B9E-C821-4DA7-A4E5-824D9B0F70F2}.Debug|Any CPU.ActiveCfg = Debug|Any CPU
		{F7290B9E-C821-4DA7-A4E5-824D9B0F70F2}.Debug|Any CPU.Build.0 = Debug|Any CPU
		{F7290B9E-C821-4DA7-A4E5-824D9B0F70F2}.Debug|iPhone.ActiveCfg = Debug|Any CPU
		{F7290B9E-C821-4DA7-A4E5-824D9B0F70F2}.Debug|iPhoneSimulator.ActiveCfg = Debug|Any CPU
		{F7290B9E-C821-4DA7-A4E5-824D9B0F70F2}.Release|Any CPU.ActiveCfg = Release|Any CPU
		{F7290B9E-C821-4DA7-A4E5-824D9B0F70F2}.Release|Any CPU.Build.0 = Release|Any CPU
		{F7290B9E-C821-4DA7-A4E5-824D9B0F70F2}.Release|iPhone.ActiveCfg = Release|Any CPU
		{F7290B9E-C821-4DA7-A4E5-824D9B0F70F2}.Release|iPhoneSimulator.ActiveCfg = Release|Any CPU
		{F7290B9E-C821-4DA7-A4E5-824D9B0F70F2}.Staging|Any CPU.ActiveCfg = Debug|Any CPU
		{F7290B9E-C821-4DA7-A4E5-824D9B0F70F2}.Staging|iPhone.ActiveCfg = Debug|Any CPU
		{F7290B9E-C821-4DA7-A4E5-824D9B0F70F2}.Staging|iPhoneSimulator.ActiveCfg = Debug|Any CPU
	EndGlobalSection
	GlobalSection(SolutionProperties) = preSolution
		HideSolutionNode = FALSE
	EndGlobalSection
	GlobalSection(NestedProjects) = preSolution
		{9897E0A7-4672-4013-AA53-20B9380F8819} = {E4B1D3B2-48DA-4EF5-B3C6-018A61A5CDB0}
		{213E011F-B043-4C45-9818-3A82A4D8D83F} = {F6C46315-21DA-426C-8AEB-DCBD4744F40D}
		{362BA929-486C-4D31-80B3-346CEF3DFD90} = {F6C46315-21DA-426C-8AEB-DCBD4744F40D}
		{C67ED37F-64BF-4E99-8F99-1CDB16646C17} = {F6C46315-21DA-426C-8AEB-DCBD4744F40D}
		{121808BF-F5C1-41EA-A781-7CE471A59994} = {F6C46315-21DA-426C-8AEB-DCBD4744F40D}
		{B2B28E56-EB59-4461-860E-8D466D0E3793} = {E4B1D3B2-48DA-4EF5-B3C6-018A61A5CDB0}
		{8BE76965-4C09-4385-81BA-E0DCA5180CCE} = {E4B1D3B2-48DA-4EF5-B3C6-018A61A5CDB0}
		{14DA9D5E-5210-404A-9402-1667176101FC} = {E4B1D3B2-48DA-4EF5-B3C6-018A61A5CDB0}
		{33867D39-B305-4FA2-A9DB-1277D2363B67} = {D3802D21-B2A1-403C-93B9-1A0A84071430}
		{D90C2582-0887-462C-B9B5-ADCF0F3FA0BC} = {D3802D21-B2A1-403C-93B9-1A0A84071430}
		{F7290B9E-C821-4DA7-A4E5-824D9B0F70F2} = {F6C46315-21DA-426C-8AEB-DCBD4744F40D}
	EndGlobalSection
	GlobalSection(MonoDevelopProperties) = preSolution
		Policies = $0
		$0.NameConventionPolicy = $1
		$1.Rules = $2
		$2.NamingRule = $22
		$22.AffectedEntity = None
		$22.VisibilityMask = VisibilityMask
		$22.NamingStyle = None
		$22.IncludeInstanceMembers = True
		$22.IncludeStaticEntities = True
	EndGlobalSection
EndGlobal
